{"1.1.0",
[{<<"certifi">>,{pkg,<<"certifi">>,<<"0.4.0">>},2},
 {<<"egithub">>,
  {git,"git://github.com/inaka/erlang-github.git",
       {ref,"37b50bcd9e22b3956249f1c748c6e558c36c8fe2"}},
  0},
 {<<"erlsom">>,{pkg,<<"erlsom">>,<<"1.4.1">>},2},
 {<<"goldrush">>,
  {git,"https://github.com/basho/goldrush.git",
       {ref,"8f1b715d36b650ec1e1f5612c00e28af6ab0de82"}},
  1},
 {<<"hackney">>,{pkg,<<"hackney">>,<<"1.6.0">>},1},
 {<<"idna">>,{pkg,<<"idna">>,<<"1.2.0">>},2},
 {<<"jiffy">>,
  {git,"https://github.com/davisp/jiffy.git",
       {ref,"4c0bfbc0fa0de12dcc4ff263888eeaa431ae6ed2"}},
  0},
 {<<"jsx">>,
  {git,"https://github.com/talentdeficit/jsx.git",
       {ref,"3074d4865b3385a050badf7828ad31490d860df5"}},
  0},
 {<<"lager">>,
  {git,"https://github.com/basho/lager",
       {ref,"81eaef0ce98fdbf64ab95665e3bc2ec4b24c7dac"}},
  0},
 {<<"metrics">>,{pkg,<<"metrics">>,<<"1.0.1">>},2},
 {<<"mimerl">>,{pkg,<<"mimerl">>,<<"1.0.2">>},2},
 {<<"mochiweb_util">>,{pkg,<<"mochiweb_util">>,<<"0.1.0">>},2},
 {<<"restc">>,
  {git,"git://github.com/kivra/restclient.git",
       {ref,"df122772fc4836c547906acf3334fea8a1bb8c75"}},
  1},
 {<<"slacker">>,
  {git,"git://github.com/shaneutt/slacker.git",
       {ref,"f7ba5b6776f678082f94ccb5fd282b4cc798f664"}},
  0},
 {<<"ssl_verify_fun">>,{pkg,<<"ssl_verify_fun">>,<<"1.1.0">>},2},
 {<<"websocket_client">>,
  {git,"git://github.com/shaneutt/websocket_client.git",
       {ref,"f6892c8b55004008ce2d52be7d98b156f3e34569"}},
  0}]}.
[
{pkg_hash,[
 {<<"certifi">>, <<"A7966EFB868B179023618D29A407548F70C52466BF1849B9E8EBD0E34B7EA11F">>},
 {<<"erlsom">>, <<"53DBACF35ADFEA6F0714FD0E4A7B0720D495E88C5E24E12C5DC88C7B62BD3E49">>},
 {<<"hackney">>, <<"8D1E9440C9EDF23BF5E5E2FE0C71DE03EB265103B72901337394C840EEC679AC">>},
 {<<"idna">>, <<"AC62EE99DA068F43C50DC69ACF700E03A62A348360126260E87F2B54ECED86B2">>},
 {<<"metrics">>, <<"25F094DEA2CDA98213CECC3AEFF09E940299D950904393B2A29D191C346A8486">>},
 {<<"mimerl">>, <<"993F9B0E084083405ED8252B99460C4F0563E41729AB42D9074FD5E52439BE88">>},
 {<<"mochiweb_util">>, <<"ECD20D44C6A8E19D1D6E5FE6921E55E921DA6E42F8757A00FF901C7AD4DC5D3D">>},
 {<<"ssl_verify_fun">>, <<"EDEE20847C42E379BF91261DB474FFBE373F8ACB56E9079ACB6038D4E0BF414F">>}]}
].
